
Microsoft Visual Studio Solution File, Format Version 12.00
# Visual Studio Version 17
VisualStudioVersion = 17.11.35327.3
MinimumVisualStudioVersion = 10.0.40219.1
Project("{9A19103F-16F7-4668-BE54-9A1E7A4F7556}") = "Benday.CosmosDb", "Benday.CosmosDb\Benday.CosmosDb.csproj", "{613F5EA4-2263-4CD5-A044-D239CF4E53C2}"
EndProject
Project("{2150E333-8FDC-42A3-9474-1A3956D46DE8}") = "Misc", "Misc", "{A18EA386-A34C-444D-8C42-713C5D19AD04}"
	ProjectSection(SolutionItems) = preProject
		.gitignore = .gitignore
		bdc_mark_128_128.png = bdc_mark_128_128.png
		copy-docfx-site-to-docs.ps1 = copy-docfx-site-to-docs.ps1
		copy-docfx-site-to-docs.sh = copy-docfx-site-to-docs.sh
		generate-docfx-docs.ps1 = generate-docfx-docs.ps1
		generate-docfx-docs.sh = generate-docfx-docs.sh
		LICENSE.txt = LICENSE.txt
		README.md = README.md
		serve-docfx-docs.ps1 = serve-docfx-docs.ps1
		serve-docfx-docs.sh = serve-docfx-docs.sh
	EndProjectSection
EndProject
Project("{9A19103F-16F7-4668-BE54-9A1E7A4F7556}") = "Benday.CosmosDb.UnitTests", "Benday.CosmosDb.UnitTests\Benday.CosmosDb.UnitTests.csproj", "{3406DA59-0087-4EAD-97C4-9B71FE607641}"
EndProject
Project("{FAE04EC0-301F-11D3-BF4B-00C04F79EFBC}") = "Benday.CosmosDb.SampleApp.WebUi", "Benday.CosmosDb.SampleApp.WebUi\Benday.CosmosDb.SampleApp.WebUi.csproj", "{E292635D-DF4C-4EB6-91B4-230910219194}"
EndProject
Project("{FAE04EC0-301F-11D3-BF4B-00C04F79EFBC}") = "Benday.CosmosDb.SampleApp.Api", "Benday.CosmosDb.SampleApp.Api\Benday.CosmosDb.SampleApp.Api.csproj", "{EE8621D1-CD01-45F7-B6F4-91FD9A1845C6}"
EndProject
Project("{FAE04EC0-301F-11D3-BF4B-00C04F79EFBC}") = "Benday.CosmosDb.SampleApp.Tests", "Benday.CosmosDb.SampleApp.Tests\Benday.CosmosDb.SampleApp.Tests.csproj", "{5D429990-EC09-43D2-854F-3F3D365BE680}"
EndProject
Project("{FAE04EC0-301F-11D3-BF4B-00C04F79EFBC}") = "Benday.Identity.CosmosDb", "Benday.Identity.CosmosDb\Benday.Identity.CosmosDb.csproj", "{6B973228-FB95-4955-89CA-8B6A89B34C74}"
EndProject
Project("{FAE04EC0-301F-11D3-BF4B-00C04F79EFBC}") = "Benday.Identity.CosmosDb.UI", "Benday.Identity.CosmosDb.UI\Benday.Identity.CosmosDb.UI.csproj", "{CA399451-4B40-4936-882D-7BC569EC2620}"
EndProject
Global
	GlobalSection(SolutionConfigurationPlatforms) = preSolution
		Debug|Any CPU = Debug|Any CPU
		Debug|x64 = Debug|x64
		Debug|x86 = Debug|x86
		Release|Any CPU = Release|Any CPU
		Release|x64 = Release|x64
		Release|x86 = Release|x86
	EndGlobalSection
	GlobalSection(ProjectConfigurationPlatforms) = postSolution
		{613F5EA4-2263-4CD5-A044-D239CF4E53C2}.Debug|Any CPU.ActiveCfg = Debug|Any CPU
		{613F5EA4-2263-4CD5-A044-D239CF4E53C2}.Debug|Any CPU.Build.0 = Debug|Any CPU
		{613F5EA4-2263-4CD5-A044-D239CF4E53C2}.Debug|x64.ActiveCfg = Debug|Any CPU
		{613F5EA4-2263-4CD5-A044-D239CF4E53C2}.Debug|x64.Build.0 = Debug|Any CPU
		{613F5EA4-2263-4CD5-A044-D239CF4E53C2}.Debug|x86.ActiveCfg = Debug|Any CPU
		{613F5EA4-2263-4CD5-A044-D239CF4E53C2}.Debug|x86.Build.0 = Debug|Any CPU
		{613F5EA4-2263-4CD5-A044-D239CF4E53C2}.Release|Any CPU.ActiveCfg = Release|Any CPU
		{613F5EA4-2263-4CD5-A044-D239CF4E53C2}.Release|Any CPU.Build.0 = Release|Any CPU
		{613F5EA4-2263-4CD5-A044-D239CF4E53C2}.Release|x64.ActiveCfg = Release|Any CPU
		{613F5EA4-2263-4CD5-A044-D239CF4E53C2}.Release|x64.Build.0 = Release|Any CPU
		{613F5EA4-2263-4CD5-A044-D239CF4E53C2}.Release|x86.ActiveCfg = Release|Any CPU
		{613F5EA4-2263-4CD5-A044-D239CF4E53C2}.Release|x86.Build.0 = Release|Any CPU
		{3406DA59-0087-4EAD-97C4-9B71FE607641}.Debug|Any CPU.ActiveCfg = Debug|Any CPU
		{3406DA59-0087-4EAD-97C4-9B71FE607641}.Debug|Any CPU.Build.0 = Debug|Any CPU
		{3406DA59-0087-4EAD-97C4-9B71FE607641}.Debug|x64.ActiveCfg = Debug|Any CPU
		{3406DA59-0087-4EAD-97C4-9B71FE607641}.Debug|x64.Build.0 = Debug|Any CPU
		{3406DA59-0087-4EAD-97C4-9B71FE607641}.Debug|x86.ActiveCfg = Debug|Any CPU
		{3406DA59-0087-4EAD-97C4-9B71FE607641}.Debug|x86.Build.0 = Debug|Any CPU
		{3406DA59-0087-4EAD-97C4-9B71FE607641}.Release|Any CPU.ActiveCfg = Release|Any CPU
		{3406DA59-0087-4EAD-97C4-9B71FE607641}.Release|Any CPU.Build.0 = Release|Any CPU
		{3406DA59-0087-4EAD-97C4-9B71FE607641}.Release|x64.ActiveCfg = Release|Any CPU
		{3406DA59-0087-4EAD-97C4-9B71FE607641}.Release|x64.Build.0 = Release|Any CPU
		{3406DA59-0087-4EAD-97C4-9B71FE607641}.Release|x86.ActiveCfg = Release|Any CPU
		{3406DA59-0087-4EAD-97C4-9B71FE607641}.Release|x86.Build.0 = Release|Any CPU
		{E292635D-DF4C-4EB6-91B4-230910219194}.Debug|Any CPU.ActiveCfg = Debug|Any CPU
		{E292635D-DF4C-4EB6-91B4-230910219194}.Debug|Any CPU.Build.0 = Debug|Any CPU
		{E292635D-DF4C-4EB6-91B4-230910219194}.Debug|x64.ActiveCfg = Debug|Any CPU
		{E292635D-DF4C-4EB6-91B4-230910219194}.Debug|x64.Build.0 = Debug|Any CPU
		{E292635D-DF4C-4EB6-91B4-230910219194}.Debug|x86.ActiveCfg = Debug|Any CPU
		{E292635D-DF4C-4EB6-91B4-230910219194}.Debug|x86.Build.0 = Debug|Any CPU
		{E292635D-DF4C-4EB6-91B4-230910219194}.Release|Any CPU.ActiveCfg = Release|Any CPU
		{E292635D-DF4C-4EB6-91B4-230910219194}.Release|Any CPU.Build.0 = Release|Any CPU
		{E292635D-DF4C-4EB6-91B4-230910219194}.Release|x64.ActiveCfg = Release|Any CPU
		{E292635D-DF4C-4EB6-91B4-230910219194}.Release|x64.Build.0 = Release|Any CPU
		{E292635D-DF4C-4EB6-91B4-230910219194}.Release|x86.ActiveCfg = Release|Any CPU
		{E292635D-DF4C-4EB6-91B4-230910219194}.Release|x86.Build.0 = Release|Any CPU
		{EE8621D1-CD01-45F7-B6F4-91FD9A1845C6}.Debug|Any CPU.ActiveCfg = Debug|Any CPU
		{EE8621D1-CD01-45F7-B6F4-91FD9A1845C6}.Debug|Any CPU.Build.0 = Debug|Any CPU
		{EE8621D1-CD01-45F7-B6F4-91FD9A1845C6}.Debug|x64.ActiveCfg = Debug|Any CPU
		{EE8621D1-CD01-45F7-B6F4-91FD9A1845C6}.Debug|x64.Build.0 = Debug|Any CPU
		{EE8621D1-CD01-45F7-B6F4-91FD9A1845C6}.Debug|x86.ActiveCfg = Debug|Any CPU
		{EE8621D1-CD01-45F7-B6F4-91FD9A1845C6}.Debug|x86.Build.0 = Debug|Any CPU
		{EE8621D1-CD01-45F7-B6F4-91FD9A1845C6}.Release|Any CPU.ActiveCfg = Release|Any CPU
		{EE8621D1-CD01-45F7-B6F4-91FD9A1845C6}.Release|Any CPU.Build.0 = Release|Any CPU
		{EE8621D1-CD01-45F7-B6F4-91FD9A1845C6}.Release|x64.ActiveCfg = Release|Any CPU
		{EE8621D1-CD01-45F7-B6F4-91FD9A1845C6}.Release|x64.Build.0 = Release|Any CPU
		{EE8621D1-CD01-45F7-B6F4-91FD9A1845C6}.Release|x86.ActiveCfg = Release|Any CPU
		{EE8621D1-CD01-45F7-B6F4-91FD9A1845C6}.Release|x86.Build.0 = Release|Any CPU
		{5D429990-EC09-43D2-854F-3F3D365BE680}.Debug|Any CPU.ActiveCfg = Debug|Any CPU
		{5D429990-EC09-43D2-854F-3F3D365BE680}.Debug|Any CPU.Build.0 = Debug|Any CPU
		{5D429990-EC09-43D2-854F-3F3D365BE680}.Debug|x64.ActiveCfg = Debug|Any CPU
		{5D429990-EC09-43D2-854F-3F3D365BE680}.Debug|x64.Build.0 = Debug|Any CPU
		{5D429990-EC09-43D2-854F-3F3D365BE680}.Debug|x86.ActiveCfg = Debug|Any CPU
		{5D429990-EC09-43D2-854F-3F3D365BE680}.Debug|x86.Build.0 = Debug|Any CPU
		{5D429990-EC09-43D2-854F-3F3D365BE680}.Release|Any CPU.ActiveCfg = Release|Any CPU
		{5D429990-EC09-43D2-854F-3F3D365BE680}.Release|Any CPU.Build.0 = Release|Any CPU
		{5D429990-EC09-43D2-854F-3F3D365BE680}.Release|x64.ActiveCfg = Release|Any CPU
		{5D429990-EC09-43D2-854F-3F3D365BE680}.Release|x64.Build.0 = Release|Any CPU
		{5D429990-EC09-43D2-854F-3F3D365BE680}.Release|x86.ActiveCfg = Release|Any CPU
		{5D429990-EC09-43D2-854F-3F3D365BE680}.Release|x86.Build.0 = Release|Any CPU
		{6B973228-FB95-4955-89CA-8B6A89B34C74}.Debug|Any CPU.ActiveCfg = Debug|Any CPU
		{6B973228-FB95-4955-89CA-8B6A89B34C74}.Debug|Any CPU.Build.0 = Debug|Any CPU
		{6B973228-FB95-4955-89CA-8B6A89B34C74}.Debug|x64.ActiveCfg = Debug|Any CPU
		{6B973228-FB95-4955-89CA-8B6A89B34C74}.Debug|x64.Build.0 = Debug|Any CPU
		{6B973228-FB95-4955-89CA-8B6A89B34C74}.Debug|x86.ActiveCfg = Debug|Any CPU
		{6B973228-FB95-4955-89CA-8B6A89B34C74}.Debug|x86.Build.0 = Debug|Any CPU
		{6B973228-FB95-4955-89CA-8B6A89B34C74}.Release|Any CPU.ActiveCfg = Release|Any CPU
		{6B973228-FB95-4955-89CA-8B6A89B34C74}.Release|Any CPU.Build.0 = Release|Any CPU
		{6B973228-FB95-4955-89CA-8B6A89B34C74}.Release|x64.ActiveCfg = Release|Any CPU
		{6B973228-FB95-4955-89CA-8B6A89B34C74}.Release|x64.Build.0 = Release|Any CPU
		{6B973228-FB95-4955-89CA-8B6A89B34C74}.Release|x86.ActiveCfg = Release|Any CPU
		{6B973228-FB95-4955-89CA-8B6A89B34C74}.Release|x86.Build.0 = Release|Any CPU
		{CA399451-4B40-4936-882D-7BC569EC2620}.Debug|Any CPU.ActiveCfg = Debug|Any CPU
		{CA399451-4B40-4936-882D-7BC569EC2620}.Debug|Any CPU.Build.0 = Debug|Any CPU
		{CA399451-4B40-4936-882D-7BC569EC2620}.Debug|x64.ActiveCfg = Debug|Any CPU
		{CA399451-4B40-4936-882D-7BC569EC2620}.Debug|x64.Build.0 = Debug|Any CPU
		{CA399451-4B40-4936-882D-7BC569EC2620}.Debug|x86.ActiveCfg = Debug|Any CPU
		{CA399451-4B40-4936-882D-7BC569EC2620}.Debug|x86.Build.0 = Debug|Any CPU
		{CA399451-4B40-4936-882D-7BC569EC2620}.Release|Any CPU.ActiveCfg = Release|Any CPU
		{CA399451-4B40-4936-882D-7BC569EC2620}.Release|Any CPU.Build.0 = Release|Any CPU
		{CA399451-4B40-4936-882D-7BC569EC2620}.Release|x64.ActiveCfg = Release|Any CPU
		{CA399451-4B40-4936-882D-7BC569EC2620}.Release|x64.Build.0 = Release|Any CPU
		{CA399451-4B40-4936-882D-7BC569EC2620}.Release|x86.ActiveCfg = Release|Any CPU
		{CA399451-4B40-4936-882D-7BC569EC2620}.Release|x86.Build.0 = Release|Any CPU
	EndGlobalSection
	GlobalSection(SolutionProperties) = preSolution
		HideSolutionNode = FALSE
	EndGlobalSection
	GlobalSection(ExtensibilityGlobals) = postSolution
		SolutionGuid = {1EB7C6D9-0736-4A41-85BC-B8B50BBE0A32}
	EndGlobalSection
EndGlobal
